{
  "name": "@illusionalsagacity/graphql-ppx",
  "version": "2.0.0-f885fc66.0",
  "lockfileVersion": 2,
  "requires": true,
  "packages": {
    "": {
      "name": "@illusionalsagacity/graphql-ppx",
      "version": "2.0.0-f885fc66.0",
      "hasInstallScript": true,
      "license": "MIT",
      "devDependencies": {
        "graphql": "^15.5.0",
        "rescript": "12.0.0-rc.4"
      },
      "peerDependencies": {
        "rescript": "^11.1.0"
      }
    },
    "node_modules/@rescript/darwin-arm64": {
      "version": "12.0.0-rc.4",
      "resolved": "https://registry.npmjs.org/@rescript/darwin-arm64/-/darwin-arm64-12.0.0-rc.4.tgz",
      "integrity": "sha512-xQRamA9xILtFBHOU/Dzvwn8iSed0uniBdB6ideeUXGOnmQ/DcWALYt/aDVTFW+u3/3vG810mHDx+zQaZKOK7yA==",
      "cpu": [
        "arm64"
      ],
      "dev": true,
      "optional": true,
      "os": [
        "darwin"
      ],
      "engines": {
        "node": ">=20.11.0"
      }
    },
    "node_modules/@rescript/darwin-x64": {
      "version": "12.0.0-rc.4",
      "resolved": "https://registry.npmjs.org/@rescript/darwin-x64/-/darwin-x64-12.0.0-rc.4.tgz",
      "integrity": "sha512-UUc0b/QjKWh+OmktaldHgm2ZxXkbD4G08Nodx3QyGGWRMTYkGI+vYA+DAPaZIEKFv19qJKo/zNZVBDpP8A3aPg==",
      "cpu": [
        "x64"
      ],
      "dev": true,
      "optional": true,
      "os": [
        "darwin"
      ],
      "engines": {
        "node": ">=20.11.0"
      }
    },
    "node_modules/@rescript/linux-arm64": {
      "version": "12.0.0-rc.4",
      "resolved": "https://registry.npmjs.org/@rescript/linux-arm64/-/linux-arm64-12.0.0-rc.4.tgz",
      "integrity": "sha512-ArQCYqaAAkCYwgBSTDAzqjmBMwszsQHfw5m901zOFawDJ858f2g/O6ocqEcfaLkC2DEO5DWIesiJGJHyfb+IFw==",
      "cpu": [
        "arm64"
      ],
      "dev": true,
      "optional": true,
      "os": [
        "linux"
      ],
      "engines": {
        "node": ">=20.11.0"
      }
    },
    "node_modules/@rescript/linux-x64": {
      "version": "12.0.0-rc.4",
      "resolved": "https://registry.npmjs.org/@rescript/linux-x64/-/linux-x64-12.0.0-rc.4.tgz",
      "integrity": "sha512-bSIM+BDW3t338gNddNd56E4PVqr+Dee8B97hkK9SrcqfHOOogy+WgEtWV4j1Sjt8ChXOFdhsI4Ndd7q/G6taiA==",
      "cpu": [
        "x64"
      ],
      "dev": true,
      "optional": true,
      "os": [
        "linux"
      ],
      "engines": {
        "node": ">=20.11.0"
      }
    },
    "node_modules/@rescript/runtime": {
      "version": "12.0.0-rc.4",
      "resolved": "https://registry.npmjs.org/@rescript/runtime/-/runtime-12.0.0-rc.4.tgz",
      "integrity": "sha512-t7Dix1XAnrI4HPOQBdGPTJc949/uM60j3N0u/BEmavQupqKd3+h4DUaF1rk4pFBrvAmg7+0yTt0mHnK0zI74BA==",
      "dev": true
    },
    "node_modules/@rescript/win32-x64": {
      "version": "12.0.0-rc.4",
      "resolved": "https://registry.npmjs.org/@rescript/win32-x64/-/win32-x64-12.0.0-rc.4.tgz",
      "integrity": "sha512-9BnO+iUv7mHcYoR89Aux9hE3NhgLoocqauGQ9LHd24l+K0TZrWOlqOibXJgzExusKsbUdGyZ7zMuaJkQS89WCg==",
      "cpu": [
        "x64"
      ],
      "dev": true,
      "optional": true,
      "os": [
        "win32"
      ],
      "engines": {
        "node": ">=20.11.0"
      }
    },
    "node_modules/graphql": {
      "version": "15.5.0",
      "resolved": "https://registry.yarnpkg.com/graphql/-/graphql-15.5.0.tgz",
      "integrity": "sha512-OmaM7y0kaK31NKG31q4YbD2beNYa6jBBKtMFT6gLYJljHLJr42IqJ8KX08u3Li/0ifzTU5HjmoOOrwa5BRLeDA==",
      "dev": true,
      "license": "MIT",
      "engines": {
        "node": ">= 10.x"
      }
    },
    "node_modules/rescript": {
      "version": "12.0.0-rc.4",
      "resolved": "https://registry.npmjs.org/rescript/-/rescript-12.0.0-rc.4.tgz",
      "integrity": "sha512-LXWkh4wYgTQYkaofqlHye+OOv5e6GDX2A1PMqtSbKZEDQWbOiUQ7S2Hqx37PN0RVj15rtArK+t27NVfEw8k7sg==",
      "dev": true,
      "workspaces": [
        "packages/playground",
        "packages/@rescript/*",
        "tests/dependencies/**",
        "tests/analysis_tests/**",
        "tests/docstring_tests",
        "tests/gentype_tests/**",
        "tests/tools_tests",
        "scripts/res"
      ],
      "dependencies": {
        "@rescript/runtime": "12.0.0-rc.4"
      },
      "bin": {
        "bsc": "cli/bsc.js",
        "bstracing": "cli/bstracing.js",
        "rescript": "cli/rescript.js",
        "rescript-legacy": "cli/rescript-legacy.js",
        "rescript-tools": "cli/rescript-tools.js"
      },
      "engines": {
        "node": ">=20.11.0"
      },
      "optionalDependencies": {
        "@rescript/darwin-arm64": "12.0.0-rc.4",
        "@rescript/darwin-x64": "12.0.0-rc.4",
        "@rescript/linux-arm64": "12.0.0-rc.4",
        "@rescript/linux-x64": "12.0.0-rc.4",
        "@rescript/win32-x64": "12.0.0-rc.4"
      }
    }
  },
  "dependencies": {
    "@rescript/darwin-arm64": {
      "version": "12.0.0-rc.4",
      "resolved": "https://registry.npmjs.org/@rescript/darwin-arm64/-/darwin-arm64-12.0.0-rc.4.tgz",
      "integrity": "sha512-xQRamA9xILtFBHOU/Dzvwn8iSed0uniBdB6ideeUXGOnmQ/DcWALYt/aDVTFW+u3/3vG810mHDx+zQaZKOK7yA==",
      "dev": true,
      "optional": true
    },
    "@rescript/darwin-x64": {
      "version": "12.0.0-rc.4",
      "resolved": "https://registry.npmjs.org/@rescript/darwin-x64/-/darwin-x64-12.0.0-rc.4.tgz",
      "integrity": "sha512-UUc0b/QjKWh+OmktaldHgm2ZxXkbD4G08Nodx3QyGGWRMTYkGI+vYA+DAPaZIEKFv19qJKo/zNZVBDpP8A3aPg==",
      "dev": true,
      "optional": true
    },
    "@rescript/linux-arm64": {
      "version": "12.0.0-rc.4",
      "resolved": "https://registry.npmjs.org/@rescript/linux-arm64/-/linux-arm64-12.0.0-rc.4.tgz",
      "integrity": "sha512-ArQCYqaAAkCYwgBSTDAzqjmBMwszsQHfw5m901zOFawDJ858f2g/O6ocqEcfaLkC2DEO5DWIesiJGJHyfb+IFw==",
      "dev": true,
      "optional": true
    },
    "@rescript/linux-x64": {
      "version": "12.0.0-rc.4",
      "resolved": "https://registry.npmjs.org/@rescript/linux-x64/-/linux-x64-12.0.0-rc.4.tgz",
      "integrity": "sha512-bSIM+BDW3t338gNddNd56E4PVqr+Dee8B97hkK9SrcqfHOOogy+WgEtWV4j1Sjt8ChXOFdhsI4Ndd7q/G6taiA==",
      "dev": true,
      "optional": true
    },
    "@rescript/runtime": {
      "version": "12.0.0-rc.4",
      "resolved": "https://registry.npmjs.org/@rescript/runtime/-/runtime-12.0.0-rc.4.tgz",
      "integrity": "sha512-t7Dix1XAnrI4HPOQBdGPTJc949/uM60j3N0u/BEmavQupqKd3+h4DUaF1rk4pFBrvAmg7+0yTt0mHnK0zI74BA==",
      "dev": true
    },
    "@rescript/win32-x64": {
      "version": "12.0.0-rc.4",
      "resolved": "https://registry.npmjs.org/@rescript/win32-x64/-/win32-x64-12.0.0-rc.4.tgz",
      "integrity": "sha512-9BnO+iUv7mHcYoR89Aux9hE3NhgLoocqauGQ9LHd24l+K0TZrWOlqOibXJgzExusKsbUdGyZ7zMuaJkQS89WCg==",
      "dev": true,
      "optional": true
    },
    "graphql": {
      "version": "15.5.0",
      "resolved": "https://registry.yarnpkg.com/graphql/-/graphql-15.5.0.tgz",
      "integrity": "sha512-OmaM7y0kaK31NKG31q4YbD2beNYa6jBBKtMFT6gLYJljHLJr42IqJ8KX08u3Li/0ifzTU5HjmoOOrwa5BRLeDA==",
      "dev": true
    },
    "rescript": {
      "version": "12.0.0-rc.4",
      "resolved": "https://registry.npmjs.org/rescript/-/rescript-12.0.0-rc.4.tgz",
      "integrity": "sha512-LXWkh4wYgTQYkaofqlHye+OOv5e6GDX2A1PMqtSbKZEDQWbOiUQ7S2Hqx37PN0RVj15rtArK+t27NVfEw8k7sg==",
      "dev": true,
      "requires": {
        "@rescript/darwin-arm64": "12.0.0-rc.4",
        "@rescript/darwin-x64": "12.0.0-rc.4",
        "@rescript/linux-arm64": "12.0.0-rc.4",
        "@rescript/linux-x64": "12.0.0-rc.4",
        "@rescript/runtime": "12.0.0-rc.4",
        "@rescript/win32-x64": "12.0.0-rc.4"
      }
    }
  }
}
