# THIS IS AN AUTOGENERATED FILE. DO NOT EDIT THIS FILE DIRECTLY.
# yarn lockfile v1


bs-platform@^8.1.0:
  version "8.1.1"
  resolved "https://registry.yarnpkg.com/bs-platform/-/bs-platform-8.1.1.tgz#7470b67f8d0d4385b080c2552c54c5fe9f314ece"
  integrity sha512-33wDWYteJQIhEfEpayvXK8eS2TdMtzQHFZMoMjDEY+NB2vTKWQFGoggOrJ4c7fvRzvQ2igwmc7idrxgMz39Qog==
