# THIS IS AN AUTOGENERATED FILE. DO NOT EDIT THIS FILE DIRECTLY.
# yarn lockfile v1


bs-platform@^5.0.0:
  version "5.0.0"
  resolved "https://registry.yarnpkg.com/bs-platform/-/bs-platform-5.0.0.tgz#f9fded818bafc3891aeb85eb4e0d95b8d8f8b4d7"
  integrity sha512-zxLobdIaf/r7go47hOgxcd6C0ANh7MYMEtZNb9Al7JdoekzFZI50F4GpZpP8kMh9Z+M5PoPE1WuryT4S8mT8Kg==
